
Microsoft Visual Studio Solution File, Format Version 12.00
# Visual Studio Version 16
VisualStudioVersion = 16.0.34031.81
MinimumVisualStudioVersion = 10.0.40219.1
Project("{FAE04EC0-301F-11D3-BF4B-00C04F79EFBC}") = "Lab2B", "Lab2B\Lab2B.csproj", "{090BC188-D101-45F9-A7CE-5B023A0B5857}"
EndProject
Global
	GlobalSection(SolutionConfigurationPlatforms) = preSolution
		Debug|Any CPU = Debug|Any CPU
		Release|Any CPU = Release|Any CPU
	EndGlobalSection
	GlobalSection(ProjectConfigurationPlatforms) = postSolution
		{090BC188-D101-45F9-A7CE-5B023A0B5857}.Debug|Any CPU.ActiveCfg = Debug|Any CPU
		{090BC188-D101-45F9-A7CE-5B023A0B5857}.Debug|Any CPU.Build.0 = Debug|Any CPU
		{090BC188-D101-45F9-A7CE-5B023A0B5857}.Release|Any CPU.ActiveCfg = Release|Any CPU
		{090BC188-D101-45F9-A7CE-5B023A0B5857}.Release|Any CPU.Build.0 = Release|Any CPU
	EndGlobalSection
	GlobalSection(SolutionProperties) = preSolution
		HideSolutionNode = FALSE
	EndGlobalSection
	GlobalSection(ExtensibilityGlobals) = postSolution
		SolutionGuid = {05ECF471-2818-4DBA-8719-5A9C49458A6D}
	EndGlobalSection
EndGlobal
